name: fresh-lockfile

on:
  workflow_dispatch:

jobs:
  build-lock:
    runs-on: ubuntu-latest

    steps:
      - uses: actions/checkout@v4

      - uses: actions/setup-node@v4
        with:
          node-version: '18'

      - name: Remove old lockfile
        run: |
          rm -f package-lock.json
          rm -rf node_modules

      - name: Install fresh
        run: npm install --no-audit --no-fund

      - name: Commit new lockfile
        run: |
          git config user.name "github-actions[bot]"
          git config user.email "41898282+github-actions[bot]@users.noreply.github.com"
          git add package-lock.json
          git commit -m "fresh lockfile" || echo "no changes"
          git push
